
Microsoft Visual Studio Solution File, Format Version 12.00
# Visual Studio Version 16
VisualStudioVersion = 16.0.31313.79
MinimumVisualStudioVersion = 10.0.40219.1
Project("{FAE04EC0-301F-11D3-BF4B-00C04F79EFBC}") = "Epitou", "Epitou.csproj", "{6877FC67-7536-4A1C-969E-71F33BDFC4D1}"
EndProject
Global
	GlobalSection(SolutionConfigurationPlatforms) = preSolution
		Debug|Any CPU = Debug|Any CPU
		Release|Any CPU = Release|Any CPU
	EndGlobalSection
	GlobalSection(ProjectConfigurationPlatforms) = postSolution
		{6877FC67-7536-4A1C-969E-71F33BDFC4D1}.Debug|Any CPU.ActiveCfg = Debug|Any CPU
		{6877FC67-7536-4A1C-969E-71F33BDFC4D1}.Debug|Any CPU.Build.0 = Debug|Any CPU
		{6877FC67-7536-4A1C-969E-71F33BDFC4D1}.Release|Any CPU.ActiveCfg = Release|Any CPU
		{6877FC67-7536-4A1C-969E-71F33BDFC4D1}.Release|Any CPU.Build.0 = Release|Any CPU
	EndGlobalSection
	GlobalSection(SolutionProperties) = preSolution
		HideSolutionNode = FALSE
	EndGlobalSection
	GlobalSection(ExtensibilityGlobals) = postSolution
		SolutionGuid = {98306D0C-F14D-4ACF-8E08-D3DF55E1E85D}
	EndGlobalSection
EndGlobal
